
Microsoft Visual Studio Solution File, Format Version 12.00
# Visual Studio Version 17
VisualStudioVersion = 17.14.36623.8
MinimumVisualStudioVersion = 10.0.40219.1
Project("{FAE04EC0-301F-11D3-BF4B-00C04F79EFBC}") = "Couriers.Common", "Couriers.Common\Couriers.Common.csproj", "{D629E181-FCF9-44FD-A388-33EDA1C435A4}"
EndProject
Global
	GlobalSection(SolutionConfigurationPlatforms) = preSolution
		Debug|Any CPU = Debug|Any CPU
		Release|Any CPU = Release|Any CPU
	EndGlobalSection
	GlobalSection(ProjectConfigurationPlatforms) = postSolution
		{D629E181-FCF9-44FD-A388-33EDA1C435A4}.Debug|Any CPU.ActiveCfg = Debug|Any CPU
		{D629E181-FCF9-44FD-A388-33EDA1C435A4}.Debug|Any CPU.Build.0 = Debug|Any CPU
		{D629E181-FCF9-44FD-A388-33EDA1C435A4}.Release|Any CPU.ActiveCfg = Release|Any CPU
		{D629E181-FCF9-44FD-A388-33EDA1C435A4}.Release|Any CPU.Build.0 = Release|Any CPU
	EndGlobalSection
	GlobalSection(SolutionProperties) = preSolution
		HideSolutionNode = FALSE
	EndGlobalSection
	GlobalSection(ExtensibilityGlobals) = postSolution
		SolutionGuid = {349C1162-0813-4462-A4BB-61FD4135B943}
	EndGlobalSection
EndGlobal
